{
  "name": "@topodb/cursor-plugin",
  "lockfileVersion": 3,
  "requires": true,
  "packages": {
    "": {
      "name": "@topodb/cursor-plugin",
      "devDependencies": {
        "@topodb/topodb-mcp": "0.1.0"
      },
      "engines": {
        "node": ">=22.19.0"
      }
    },
    "node_modules/@topodb/topodb-mcp": {
      "version": "0.1.0",
      "resolved": "https://registry.npmjs.org/@topodb/topodb-mcp/-/topodb-mcp-0.1.0.tgz",
      "integrity": "sha512-W9VReUWWJYvFMLRezkgPlJQG3hlCADocYZPKjED19pXfZ/hF7KpTClQmlgd8VHGe5EmIH0DGXPJ740+Jrku7gA==",
      "dev": true,
      "license": "MIT OR Apache-2.0",
      "bin": {
        "topodb-mcp": "bin/topodb-mcp.js"
      },
      "optionalDependencies": {
        "@topodb/topodb-mcp-darwin-arm64": "0.1.0",
        "@topodb/topodb-mcp-darwin-x64": "0.1.0",
        "@topodb/topodb-mcp-linux-arm64": "0.1.0",
        "@topodb/topodb-mcp-linux-x64": "0.1.0",
        "@topodb/topodb-mcp-win32-x64": "0.1.0"
      }
    },
    "node_modules/@topodb/topodb-mcp-darwin-arm64": {
      "version": "0.1.0",
      "resolved": "https://registry.npmjs.org/@topodb/topodb-mcp-darwin-arm64/-/topodb-mcp-darwin-arm64-0.1.0.tgz",
      "integrity": "sha512-bMd8urzKiSPyA2p94zJj/phAAYPm4H5MHcaXPdW0nqXyzV7AT4NTKmMDBcbFTy8VpbUv/XWPC7ja0BGieOcLhA==",
      "cpu": [
        "arm64"
      ],
      "dev": true,
      "license": "MIT OR Apache-2.0",
      "optional": true,
      "os": [
        "darwin"
      ]
    },
    "node_modules/@topodb/topodb-mcp-darwin-x64": {
      "version": "0.1.0",
      "resolved": "https://registry.npmjs.org/@topodb/topodb-mcp-darwin-x64/-/topodb-mcp-darwin-x64-0.1.0.tgz",
      "integrity": "sha512-TejjObnfnTOigSZEblC2tWtFSKBxNFtGSGRfDWtQvjf4nFEGe9/5VGfo5Ur0WJB7WHWUBjuDTgsNmP6e1sWuXg==",
      "cpu": [
        "x64"
      ],
      "dev": true,
      "license": "MIT OR Apache-2.0",
      "optional": true,
      "os": [
        "darwin"
      ]
    },
    "node_modules/@topodb/topodb-mcp-linux-arm64": {
      "version": "0.1.0",
      "resolved": "https://registry.npmjs.org/@topodb/topodb-mcp-linux-arm64/-/topodb-mcp-linux-arm64-0.1.0.tgz",
      "integrity": "sha512-X43tj2++jnxH5KNzUvuzQbbLNl2vKuF14CPu7vJo4UzvR5v1DGpMhWwgAfgzUeDBSCd+LcGICEAyfDRwNeKh5Q==",
      "cpu": [
        "arm64"
      ],
      "dev": true,
      "license": "MIT OR Apache-2.0",
      "optional": true,
      "os": [
        "linux"
      ]
    },
    "node_modules/@topodb/topodb-mcp-linux-x64": {
      "version": "0.1.0",
      "resolved": "https://registry.npmjs.org/@topodb/topodb-mcp-linux-x64/-/topodb-mcp-linux-x64-0.1.0.tgz",
      "integrity": "sha512-TWrO57w/6M6OXkfA2D+e7ksKSlUgEiZJKOczz9pnqTZ3CzNPKIkCEGQcADNPLTh/h9ngAaUWNJLec+Z+aN0cdQ==",
      "cpu": [
        "x64"
      ],
      "dev": true,
      "license": "MIT OR Apache-2.0",
      "optional": true,
      "os": [
        "linux"
      ]
    },
    "node_modules/@topodb/topodb-mcp-win32-x64": {
      "version": "0.1.0",
      "resolved": "https://registry.npmjs.org/@topodb/topodb-mcp-win32-x64/-/topodb-mcp-win32-x64-0.1.0.tgz",
      "integrity": "sha512-qdcuBSSYMjzQHeC87h9h4UruP2643xxf+puz7ajKEoEHxWNEizLYAATwPRceeuJpbdoGcd7Q1NQMRUcu1fLanw==",
      "cpu": [
        "x64"
      ],
      "dev": true,
      "license": "MIT OR Apache-2.0",
      "optional": true,
      "os": [
        "win32"
      ]
    }
  }
}
